
Microsoft Visual Studio Solution File, Format Version 12.00
# Visual Studio Version 17
VisualStudioVersion = 17.7.34221.43
MinimumVisualStudioVersion = 10.0.40219.1
Project("{FAE04EC0-301F-11D3-BF4B-00C04F79EFBC}") = "Controle de Vendas", "Controle de Vendas.csproj", "{FE0363FA-6500-4224-BD0B-C1AC8C763804}"
EndProject
Global
	GlobalSection(SolutionConfigurationPlatforms) = preSolution
		Debug|Any CPU = Debug|Any CPU
		Release|Any CPU = Release|Any CPU
	EndGlobalSection
	GlobalSection(ProjectConfigurationPlatforms) = postSolution
		{FE0363FA-6500-4224-BD0B-C1AC8C763804}.Debug|Any CPU.ActiveCfg = Debug|Any CPU
		{FE0363FA-6500-4224-BD0B-C1AC8C763804}.Debug|Any CPU.Build.0 = Debug|Any CPU
		{FE0363FA-6500-4224-BD0B-C1AC8C763804}.Release|Any CPU.ActiveCfg = Release|Any CPU
		{FE0363FA-6500-4224-BD0B-C1AC8C763804}.Release|Any CPU.Build.0 = Release|Any CPU
	EndGlobalSection
	GlobalSection(SolutionProperties) = preSolution
		HideSolutionNode = FALSE
	EndGlobalSection
	GlobalSection(ExtensibilityGlobals) = postSolution
		SolutionGuid = {722FF3BD-FFBA-4B9C-9833-EEC8294E5FA1}
	EndGlobalSection
EndGlobal
